{
  "version": 2,
  "dependencies": {
    "net9.0-windows7.0": {
      "DotNet.ReproducibleBuilds": {
        "type": "Direct",
        "requested": "[1.2.25, )",
        "resolved": "1.2.25",
        "contentHash": "xCXiw7BCxHJ8pF6wPepRUddlh2dlQlbr81gXA72hdk4FLHkKXas7EH/n+fk5UCA/YfMqG1Z6XaPiUjDbUNBUzg=="
      },
      "FileSignatures": {
        "type": "Direct",
        "requested": "[5.2.0, )",
        "resolved": "5.2.0",
        "contentHash": "TmykmhBlLyD/zNZdjB4SDnU4SIvp6rr6o98T0nwCUW6vdVDWfIj4reJj008uUEJ1hHkSIdYRVtyUPSyq5dtDng==",
        "dependencies": {
          "OpenMcdf": "2.3.1",
          "System.Reflection.TypeExtensions": "4.3.0",
          "System.Runtime": "4.3.0"
        }
      },
      "Hjg.Pngcs": {
        "type": "Direct",
        "requested": "[1.1.4, )",
        "resolved": "1.1.4",
        "contentHash": "uk7W9QPzgUIsCVHSCxKcr2ptzCMPXgCzfrlKMlGd7hICVBorvhyGdeThAO73yITpueIhHOolhGgHS3BwgZuo5Q=="
      },
      "Microsoft.CodeAnalysis.BannedApiAnalyzers": {
        "type": "Direct",
        "requested": "[3.3.4, )",
        "resolved": "3.3.4",
        "contentHash": "0k2Jwpc8eq0hjOtX6TxRkHm9clkJ2PAQ3heEHgqIJZcsfdFosC/iyz18nsgTVDDWpID80rC7aiYK7ripx+Qndg=="
      },
      "Microsoft.SourceLink.GitHub": {
        "type": "Direct",
        "requested": "[8.0.0, )",
        "resolved": "8.0.0",
        "contentHash": "G5q7OqtwIyGTkeIOAc3u2ZuV/kicQaec5EaRnc0pIeSnh9LUjj+PYQrJYBURvDt7twGl2PKA7nSN0kz1Zw5bnQ==",
        "dependencies": {
          "Microsoft.Build.Tasks.Git": "8.0.0",
          "Microsoft.SourceLink.Common": "8.0.0"
        }
      },
      "Microsoft.Web.WebView2": {
        "type": "Direct",
        "requested": "[1.0.3351.48, )",
        "resolved": "1.0.3351.48",
        "contentHash": "UIzXdl3x3H2MX2es7+BHYT3pLkLoT7090omqla9S3MQQCma0slwiY+CXBM6x0LmdLTpksoQ6XUqOAXrtxjtklQ=="
      },
      "Nerdbank.GitVersioning": {
        "type": "Direct",
        "requested": "[3.7.115, )",
        "resolved": "3.7.115",
        "contentHash": "EpXamaAdRfG/BMxGgvZlTM0npRnkmXUjAj8OdNKd17t4oN+2nvjdv/KnFmzOOMDqvlwB49UCwtOHJrAQTfUBtQ=="
      },
      "Svg": {
        "type": "Direct",
        "requested": "[3.4.7, )",
        "resolved": "3.4.7",
        "contentHash": "Omez7ly5BGhg3OzdV+LHZ5sI0+JQ6hF7WVKUeyHw4jRvcEWNCPCf1MWMBaf+R0DRBSZHx5EUHwBTEF+2oYtsAw==",
        "dependencies": {
          "ExCSS": "4.2.3",
          "System.Drawing.Common": "5.0.3"
        }
      },
      "System.Text.Json": {
        "type": "Direct",
        "requested": "[9.0.7, )",
        "resolved": "9.0.7",
        "contentHash": "u/lN2FEEXs3ghj2ta8tWA4r2MS9Yni07K7jDmnz8h1UPDf0lIIIEMkWx383Zz4fJjJio7gDl+00RYuQ/7R8ZQw=="
      },
      "Microsoft.Build.Tasks.Git": {
        "type": "Transitive",
        "resolved": "8.0.0",
        "contentHash": "bZKfSIKJRXLTuSzLudMFte/8CempWjVamNUR5eHJizsy+iuOuO/k2gnh7W0dHJmYY0tBf+gUErfluCv5mySAOQ=="
      },
      "Microsoft.NETCore.Platforms": {
        "type": "Transitive",
        "resolved": "5.0.0",
        "contentHash": "VyPlqzH2wavqquTcYpkIIAQ6WdenuKoFN0BdYBbCWsclXacSOHNQn66Gt4z5NBqEYW0FAPm5rlvki9ZiCij5xQ=="
      },
      "Microsoft.NETCore.Targets": {
        "type": "Transitive",
        "resolved": "1.1.0",
        "contentHash": "aOZA3BWfz9RXjpzt0sRJJMjAscAUm3Hoa4UWAfceV9UTYxgwZ1lZt5nO2myFf+/jetYQo4uTP7zS8sJY67BBxg=="
      },
      "Microsoft.SourceLink.Common": {
        "type": "Transitive",
        "resolved": "8.0.0",
        "contentHash": "dk9JPxTCIevS75HyEQ0E4OVAFhB2N+V9ShCXf8Q6FkUQZDkgLI12y679Nym1YqsiSysuQskT7Z+6nUf3yab6Vw=="
      },
      "Microsoft.Win32.SystemEvents": {
        "type": "Transitive",
        "resolved": "5.0.0",
        "contentHash": "Bh6blKG8VAKvXiLe2L+sEsn62nc1Ij34MrNxepD2OCrS5cpCwQa9MeLyhVQPQ/R4Wlzwuy6wMK8hLb11QPDRsQ==",
        "dependencies": {
          "Microsoft.NETCore.Platforms": "5.0.0"
        }
      },
      "OpenMcdf": {
        "type": "Transitive",
        "resolved": "2.3.1",
        "contentHash": "2Otbtp5FsIkdtWn4904oftoyOigllM/Auz2V7qIpxNaK+MC1C2ENjNXL3/ZdKWFLOs24/Bi/lYOE254C7s3Pgw=="
      },
      "System.Drawing.Common": {
        "type": "Transitive",
        "resolved": "5.0.3",
        "contentHash": "rEQZuslijqdsO0pkJn7LtGBaMc//YVA8de0meGihkg9oLPaN+w+/Pb5d71lgp0YjPoKgBKNMvdq0IPnoW4PEng==",
        "dependencies": {
          "Microsoft.Win32.SystemEvents": "5.0.0"
        }
      },
      "System.IO": {
        "type": "Transitive",
        "resolved": "4.3.0",
        "contentHash": "3qjaHvxQPDpSOYICjUoTsmoq5u6QJAFRUITgeT/4gqkF1bajbSmb1kwSxEA8AHlofqgcKJcM8udgieRNhaJ5Cg==",
        "dependencies": {
          "Microsoft.NETCore.Platforms": "1.1.0",
          "Microsoft.NETCore.Targets": "1.1.0",
          "System.Runtime": "4.3.0",
          "System.Text.Encoding": "4.3.0",
          "System.Threading.Tasks": "4.3.0"
        }
      },
      "System.Reflection": {
        "type": "Transitive",
        "resolved": "4.3.0",
        "contentHash": "KMiAFoW7MfJGa9nDFNcfu+FpEdiHpWgTcS2HdMpDvt9saK3y/G4GwprPyzqjFH9NTaGPQeWNHU+iDlDILj96aQ==",
        "dependencies": {
          "Microsoft.NETCore.Platforms": "1.1.0",
          "Microsoft.NETCore.Targets": "1.1.0",
          "System.IO": "4.3.0",
          "System.Reflection.Primitives": "4.3.0",
          "System.Runtime": "4.3.0"
        }
      },
      "System.Reflection.Primitives": {
        "type": "Transitive",
        "resolved": "4.3.0",
        "contentHash": "5RXItQz5As4xN2/YUDxdpsEkMhvw3e6aNveFXUn4Hl/udNTCNhnKp8lT9fnc3MhvGKh1baak5CovpuQUXHAlIA==",
        "dependencies": {
          "Microsoft.NETCore.Platforms": "1.1.0",
          "Microsoft.NETCore.Targets": "1.1.0",
          "System.Runtime": "4.3.0"
        }
      },
      "System.Reflection.TypeExtensions": {
        "type": "Transitive",
        "resolved": "4.3.0",
        "contentHash": "7u6ulLcZbyxB5Gq0nMkQttcdBTx57ibzw+4IOXEfR+sXYQoHvjW5LTLyNr8O22UIMrqYbchJQJnos4eooYzYJA==",
        "dependencies": {
          "System.Reflection": "4.3.0",
          "System.Runtime": "4.3.0"
        }
      },
      "System.Runtime": {
        "type": "Transitive",
        "resolved": "4.3.0",
        "contentHash": "JufQi0vPQ0xGnAczR13AUFglDyVYt4Kqnz1AZaiKZ5+GICq0/1MH/mO/eAJHt/mHW1zjKBJd7kV26SrxddAhiw==",
        "dependencies": {
          "Microsoft.NETCore.Platforms": "1.1.0",
          "Microsoft.NETCore.Targets": "1.1.0"
        }
      },
      "System.Text.Encoding": {
        "type": "Transitive",
        "resolved": "4.3.0",
        "contentHash": "BiIg+KWaSDOITze6jGQynxg64naAPtqGHBwDrLaCtixsa5bKiR8dpPOHA7ge3C0JJQizJE+sfkz1wV+BAKAYZw==",
        "dependencies": {
          "Microsoft.NETCore.Platforms": "1.1.0",
          "Microsoft.NETCore.Targets": "1.1.0",
          "System.Runtime": "4.3.0"
        }
      },
      "System.Threading.Tasks": {
        "type": "Transitive",
        "resolved": "4.3.0",
        "contentHash": "LbSxKEdOUhVe8BezB/9uOGGppt+nZf6e1VFyw6v3DN6lqitm0OSn2uXMOdtP0M3W4iMcqcivm2J6UgqiwwnXiA==",
        "dependencies": {
          "Microsoft.NETCore.Platforms": "1.1.0",
          "Microsoft.NETCore.Targets": "1.1.0",
          "System.Runtime": "4.3.0"
        }
      },
      "ExCSS": {
        "type": "CentralTransitive",
        "requested": "[4.3.1, )",
        "resolved": "4.3.1",
        "contentHash": "A8UtcghHQlWxPJhJF5bsfEYO7068JHGTuJ7tzyyMjd5fE/N/xY1cVOUhzuLLFwMOCJVnM4mqSQc93W9fGfZ1kA=="
      }
    }
  }
}